
Microsoft Visual Studio Solution File, Format Version 12.00
# Visual Studio Version 17
VisualStudioVersion = 17.8.34525.116
MinimumVisualStudioVersion = 10.0.40219.1
Project("{FAE04EC0-301F-11D3-BF4B-00C04F79EFBC}") = "WebApi_Task1", "WebApi_Task1\WebApi_Task1.csproj", "{90FEDAB7-8BCC-4FB3-986A-5C4B52A2C7F2}"
EndProject
Global
	GlobalSection(SolutionConfigurationPlatforms) = preSolution
		Debug|Any CPU = Debug|Any CPU
		Release|Any CPU = Release|Any CPU
	EndGlobalSection
	GlobalSection(ProjectConfigurationPlatforms) = postSolution
		{90FEDAB7-8BCC-4FB3-986A-5C4B52A2C7F2}.Debug|Any CPU.ActiveCfg = Debug|Any CPU
		{90FEDAB7-8BCC-4FB3-986A-5C4B52A2C7F2}.Debug|Any CPU.Build.0 = Debug|Any CPU
		{90FEDAB7-8BCC-4FB3-986A-5C4B52A2C7F2}.Release|Any CPU.ActiveCfg = Release|Any CPU
		{90FEDAB7-8BCC-4FB3-986A-5C4B52A2C7F2}.Release|Any CPU.Build.0 = Release|Any CPU
	EndGlobalSection
	GlobalSection(SolutionProperties) = preSolution
		HideSolutionNode = FALSE
	EndGlobalSection
	GlobalSection(ExtensibilityGlobals) = postSolution
		SolutionGuid = {EEAA9B7A-B919-487E-B3B7-9A750ADA4E58}
	EndGlobalSection
EndGlobal
