
Microsoft Visual Studio Solution File, Format Version 12.00
# Visual Studio Version 17
VisualStudioVersion = 17.8.34525.116
MinimumVisualStudioVersion = 10.0.40219.1
Project("{FAE04EC0-301F-11D3-BF4B-00C04F79EFBC}") = "ASP-Task2", "ASP-Task2\ASP-Task2.csproj", "{AD382FD0-C2A1-4B2D-82C2-5063ED21DEFA}"
EndProject
Global
	GlobalSection(SolutionConfigurationPlatforms) = preSolution
		Debug|Any CPU = Debug|Any CPU
		Release|Any CPU = Release|Any CPU
	EndGlobalSection
	GlobalSection(ProjectConfigurationPlatforms) = postSolution
		{AD382FD0-C2A1-4B2D-82C2-5063ED21DEFA}.Debug|Any CPU.ActiveCfg = Debug|Any CPU
		{AD382FD0-C2A1-4B2D-82C2-5063ED21DEFA}.Debug|Any CPU.Build.0 = Debug|Any CPU
		{AD382FD0-C2A1-4B2D-82C2-5063ED21DEFA}.Release|Any CPU.ActiveCfg = Release|Any CPU
		{AD382FD0-C2A1-4B2D-82C2-5063ED21DEFA}.Release|Any CPU.Build.0 = Release|Any CPU
	EndGlobalSection
	GlobalSection(SolutionProperties) = preSolution
		HideSolutionNode = FALSE
	EndGlobalSection
	GlobalSection(ExtensibilityGlobals) = postSolution
		SolutionGuid = {29D2FFDE-AE52-4B6D-8312-72CF3DBEE5F9}
	EndGlobalSection
EndGlobal
